
Microsoft Visual Studio Solution File, Format Version 12.00
# Visual Studio 14
VisualStudioVersion = 14.0.25123.0
MinimumVisualStudioVersion = 10.0.40219.1
Project("{FAE04EC0-301F-11D3-BF4B-00C04F79EFBC}") = "2channel", "2channel\2channel.csproj", "{F652A4DA-A679-4E3C-A5AA-0E51F757C640}"
EndProject
Project("{FAE04EC0-301F-11D3-BF4B-00C04F79EFBC}") = "2channelTests", "2channelTests\2channelTests.csproj", "{C1925FD1-2912-4A6C-80ED-AA8CC8C39053}"
EndProject
Global
	GlobalSection(SolutionConfigurationPlatforms) = preSolution
		Debug|Any CPU = Debug|Any CPU
		Release|Any CPU = Release|Any CPU
	EndGlobalSection
	GlobalSection(ProjectConfigurationPlatforms) = postSolution
		{F652A4DA-A679-4E3C-A5AA-0E51F757C640}.Debug|Any CPU.ActiveCfg = Debug|Any CPU
		{F652A4DA-A679-4E3C-A5AA-0E51F757C640}.Debug|Any CPU.Build.0 = Debug|Any CPU
		{F652A4DA-A679-4E3C-A5AA-0E51F757C640}.Release|Any CPU.ActiveCfg = Release|Any CPU
		{F652A4DA-A679-4E3C-A5AA-0E51F757C640}.Release|Any CPU.Build.0 = Release|Any CPU
		{C1925FD1-2912-4A6C-80ED-AA8CC8C39053}.Debug|Any CPU.ActiveCfg = Debug|Any CPU
		{C1925FD1-2912-4A6C-80ED-AA8CC8C39053}.Debug|Any CPU.Build.0 = Debug|Any CPU
		{C1925FD1-2912-4A6C-80ED-AA8CC8C39053}.Release|Any CPU.ActiveCfg = Release|Any CPU
		{C1925FD1-2912-4A6C-80ED-AA8CC8C39053}.Release|Any CPU.Build.0 = Release|Any CPU
	EndGlobalSection
	GlobalSection(SolutionProperties) = preSolution
		HideSolutionNode = FALSE
	EndGlobalSection
EndGlobal
